// !$*UTF8*$!
{
	archiveVersion = 1;
	classes = {
	};
	objectVersion = 48;
	objects = {

/* Begin PBXBuildFile section */
		A66788C31F8C63B600B1AB9E /* AppDelegate.swift in Sources */ = {isa = PBXBuildFile; fileRef = A66788C21F8C63B600B1AB9E /* AppDelegate.swift */; };
		A66788C51F8C63B600B1AB9E /* ViewController.swift in Sources */ = {isa = PBXBuildFile; fileRef = A66788C41F8C63B600B1AB9E /* ViewController.swift */; };
		A66788C81F8C63B600B1AB9E /* Main.storyboard in Resources */ = {isa = PBXBuildFile; fileRef = A66788C61F8C63B600B1AB9E /* Main.storyboard */; };
		A66788CA1F8C63B600B1AB9E /* Assets.xcassets in Resources */ = {isa = PBXBuildFile; fileRef = A66788C91F8C63B600B1AB9E /* Assets.xcassets */; };
		A66788CD1F8C63B600B1AB9E /* LaunchScreen.storyboard in Resources */ = {isa = PBXBuildFile; fileRef = A66788CB1F8C63B600B1AB9E /* LaunchScreen.storyboard */; };
		A66788D51F8C655D00B1AB9E /* MineGrid.swift in Sources */ = {isa = PBXBuildFile; fileRef = A66788D41F8C655D00B1AB9E /* MineGrid.swift */; };
		A66788D71F8C660800B1AB9E /* CommonUtil.swift in Sources */ = {isa = PBXBuildFile; fileRef = A66788D61F8C660800B1AB9E /* CommonUtil.swift */; };
		A6B90F821F8E0D5600C63DDA /* AudioToolbox.framework in Frameworks */ = {isa = PBXBuildFile; fileRef = A6B90F811F8E0D5600C63DDA /* AudioToolbox.framework */; };
/* End PBXBuildFile section */

/* Begin PBXFileReference section */
		A66788BF1F8C63B600B1AB9E /* MineSweeper.app */ = {isa = PBXFileReference; explicitFileType = wrapper.application; includeInIndex = 0; path = MineSweeper.app; sourceTree = BUILT_PRODUCTS_DIR; };
		A66788C21F8C63B600B1AB9E /* AppDelegate.swift */ = {isa = PBXFileReference; lastKnownFileType = sourcecode.swift; path = AppDelegate.swift; sourceTree = "<group>"; };
		A66788C41F8C63B600B1AB9E /* ViewController.swift */ = {isa = PBXFileReference; lastKnownFileType = sourcecode.swift; path = ViewController.swift; sourceTree = "<group>"; };
		A66788C71F8C63B600B1AB9E /* Base */ = {isa = PBXFileReference; lastKnownFileType = file.storyboard; name = Base; path = Base.lproj/Main.storyboard; sourceTree = "<group>"; };
		A66788C91F8C63B600B1AB9E /* Assets.xcassets */ = {isa = PBXFileReference; lastKnownFileType = folder.assetcatalog; path = Assets.xcassets; sourceTree = "<group>"; };
		A66788CC1F8C63B600B1AB9E /* Base */ = {isa = PBXFileReference; lastKnownFileType = file.storyboard; name = Base; path = Base.lproj/LaunchScreen.storyboard; sourceTree = "<group>"; };
		A66788CE1F8C63B600B1AB9E /* Info.plist */ = {isa = PBXFileReference; lastKnownFileType = text.plist.xml; path = Info.plist; sourceTree = "<group>"; };
		A66788D41F8C655D00B1AB9E /* MineGrid.swift */ = {isa = PBXFileReference; lastKnownFileType = sourcecode.swift; path = MineGrid.swift; sourceTree = "<group>"; };
		A66788D61F8C660800B1AB9E /* CommonUtil.swift */ = {isa = PBXFileReference; lastKnownFileType = sourcecode.swift; path = CommonUtil.swift; sourceTree = "<group>"; };
		A6B90F811F8E0D5600C63DDA /* AudioToolbox.framework */ = {isa = PBXFileReference; lastKnownFileType = wrapper.framework; name = AudioToolbox.framework; path = System/Library/Frameworks/AudioToolbox.framework; sourceTree = SDKROOT; };
/* End PBXFileReference section */

/* Begin PBXFrameworksBuildPhase section */
		A66788BC1F8C63B600B1AB9E /* Frameworks */ = {
			isa = PBXFrameworksBuildPhase;
			buildActionMask = 2147483647;
			files = (
				A6B90F821F8E0D5600C63DDA /* AudioToolbox.framework in Frameworks */,
			);
			runOnlyForDeploymentPostprocessing = 0;
		};
/* End PBXFrameworksBuildPhase section */

/* Begin PBXGroup section */
		A66788B61F8C63B600B1AB9E = {
			isa = PBXGroup;
			children = (
				A66788C11F8C63B600B1AB9E /* MineSweeper */,
				A66788C01F8C63B600B1AB9E /* Products */,
				A6B90F801F8E0D5600C63DDA /* Frameworks */,
			);
			sourceTree = "<group>";
		};
		A66788C01F8C63B600B1AB9E /* Products */ = {
			isa = PBXGroup;
			children = (
				A66788BF1F8C63B600B1AB9E /* MineSweeper.app */,
			);
			name = Products;
			sourceTree = "<group>";
		};
		A66788C11F8C63B600B1AB9E /* MineSweeper */ = {
			isa = PBXGroup;
			children = (
				A66788C21F8C63B600B1AB9E /* AppDelegate.swift */,
				A66788C41F8C63B600B1AB9E /* ViewController.swift */,
				A66788D41F8C655D00B1AB9E /* MineGrid.swift */,
				A66788D61F8C660800B1AB9E /* CommonUtil.swift */,
				A66788C61F8C63B600B1AB9E /* Main.storyboard */,
				A66788C91F8C63B600B1AB9E /* Assets.xcassets */,
				A66788CB1F8C63B600B1AB9E /* LaunchScreen.storyboard */,
				A66788CE1F8C63B600B1AB9E /* Info.plist */,
			);
			path = MineSweeper;
			sourceTree = "<group>";
		};
		A6B90F801F8E0D5600C63DDA /* Frameworks */ = {
			isa = PBXGroup;
			children = (
				A6B90F811F8E0D5600C63DDA /* AudioToolbox.framework */,
			);
			name = Frameworks;
			sourceTree = "<group>";
		};
/* End PBXGroup section */

/* Begin PBXNativeTarget section */
		A66788BE1F8C63B600B1AB9E /* MineSweeper */ = {
			isa = PBXNativeTarget;
			buildConfigurationList = A66788D11F8C63B600B1AB9E /* Build configuration list for PBXNativeTarget "MineSweeper" */;
			buildPhases = (
				A66788BB1F8C63B600B1AB9E /* Sources */,
				A66788BC1F8C63B600B1AB9E /* Frameworks */,
				A66788BD1F8C63B600B1AB9E /* Resources */,
			);
			buildRules = (
			);
			dependencies = (
			);
			name = MineSweeper;
			productName = MineSweeper;
			productReference = A66788BF1F8C63B600B1AB9E /* MineSweeper.app */;
			productType = "com.apple.product-type.application";
		};
/* End PBXNativeTarget section */

/* Begin PBXProject section */
		A66788B71F8C63B600B1AB9E /* Project object */ = {
			isa = PBXProject;
			attributes = {
				LastSwiftUpdateCheck = 0900;
				LastUpgradeCheck = 0900;
				ORGANIZATIONNAME = "Doge Studio";
				TargetAttributes = {
					A66788BE1F8C63B600B1AB9E = {
						CreatedOnToolsVersion = 9.0;
						ProvisioningStyle = Automatic;
					};
				};
			};
			buildConfigurationList = A66788BA1F8C63B600B1AB9E /* Build configuration list for PBXProject "MineSweeper" */;
			compatibilityVersion = "Xcode 8.0";
			developmentRegion = en;
			hasScannedForEncodings = 0;
			knownRegions = (
				en,
				Base,
			);
			mainGroup = A66788B61F8C63B600B1AB9E;
			productRefGroup = A66788C01F8C63B600B1AB9E /* Products */;
			projectDirPath = "";
			projectRoot = "";
			targets = (
				A66788BE1F8C63B600B1AB9E /* MineSweeper */,
			);
		};
/* End PBXProject section */

/* Begin PBXResourcesBuildPhase section */
		A66788BD1F8C63B600B1AB9E /* Resources */ = {
			isa = PBXResourcesBuildPhase;
			buildActionMask = 2147483647;
			files = (
				A66788CD1F8C63B600B1AB9E /* LaunchScreen.storyboard in Resources */,
				A66788CA1F8C63B600B1AB9E /* Assets.xcassets in Resources */,
				A66788C81F8C63B600B1AB9E /* Main.storyboard in Resources */,
			);
			runOnlyForDeploymentPostprocessing = 0;
		};
/* End PBXResourcesBuildPhase section */

/* Begin PBXSourcesBuildPhase section */
		A66788BB1F8C63B600B1AB9E /* Sources */ = {
			isa = PBXSourcesBuildPhase;
			buildActionMask = 2147483647;
			files = (
				A66788D51F8C655D00B1AB9E /* MineGrid.swift in Sources */,
				A66788C51F8C63B600B1AB9E /* ViewController.swift in Sources */,
				A66788D71F8C660800B1AB9E /* CommonUtil.swift in Sources */,
				A66788C31F8C63B600B1AB9E /* AppDelegate.swift in Sources */,
			);
			runOnlyForDeploymentPostprocessing = 0;
		};
/* End PBXSourcesBuildPhase section */

/* Begin PBXVariantGroup section */
		A66788C61F8C63B600B1AB9E /* Main.storyboard */ = {
			isa = PBXVariantGroup;
			children = (
				A66788C71F8C63B600B1AB9E /* Base */,
			);
			name = Main.storyboard;
			sourceTree = "<group>";
		};
		A66788CB1F8C63B600B1AB9E /* LaunchScreen.storyboard */ = {
			isa = PBXVariantGroup;
			children = (
				A66788CC1F8C63B600B1AB9E /* Base */,
			);
			name = LaunchScreen.storyboard;
			sourceTree = "<group>";
		};
/* End PBXVariantGroup section */

/* Begin XCBuildConfiguration section */
		A66788CF1F8C63B600B1AB9E /* Debug */ = {
			isa = XCBuildConfiguration;
			buildSettings = {
				ALWAYS_SEARCH_USER_PATHS = NO;
				CLANG_ANALYZER_NONNULL = YES;
				CLANG_ANALYZER_NUMBER_OBJECT_CONVERSION = YES_AGGRESSIVE;
				CLANG_CXX_LANGUAGE_STANDARD = "gnu++14";
				CLANG_CXX_LIBRARY = "libc++";
				CLANG_ENABLE_MODULES = YES;
				CLANG_ENABLE_OBJC_ARC = YES;
				CLANG_WARN_BLOCK_CAPTURE_AUTORELEASING = YES;
				CLANG_WARN_BOOL_CONVERSION = YES;
				CLANG_WARN_COMMA = YES;
				CLANG_WARN_CONSTANT_CONVERSION = YES;
				CLANG_WARN_DIRECT_OBJC_ISA_USAGE = YES_ERROR;
				CLANG_WARN_DOCUMENTATION_COMMENTS = YES;
				CLANG_WARN_EMPTY_BODY = YES;
				CLANG_WARN_ENUM_CONVERSION = YES;
				CLANG_WARN_INFINITE_RECURSION = YES;
				CLANG_WARN_INT_CONVERSION = YES;
				CLANG_WARN_NON_LITERAL_NULL_CONVERSION = YES;
				CLANG_WARN_OBJC_LITERAL_CONVERSION = YES;
				CLANG_WARN_OBJC_ROOT_CLASS = YES_ERROR;
				CLANG_WARN_RANGE_LOOP_ANALYSIS = YES;
				CLANG_WARN_STRICT_PROTOTYPES = YES;
				CLANG_WARN_SUSPICIOUS_MOVE = YES;
				CLANG_WARN_UNGUARDED_AVAILABILITY = YES_AGGRESSIVE;
				CLANG_WARN_UNREACHABLE_CODE = YES;
				CLANG_WARN__DUPLICATE_METHOD_MATCH = YES;
				CODE_SIGN_IDENTITY = "iPhone Developer";
				COPY_PHASE_STRIP = NO;
				DEBUG_INFORMATION_FORMAT = dwarf;
				ENABLE_STRICT_OBJC_MSGSEND = YES;
				ENABLE_TESTABILITY = YES;
				GCC_C_LANGUAGE_STANDARD = gnu11;
				GCC_DYNAMIC_NO_PIC = NO;
				GCC_NO_COMMON_BLOCKS = YES;
				GCC_OPTIMIZATION_LEVEL = 0;
				GCC_PREPROCESSOR_DEFINITIONS = (
					"DEBUG=1",
					"$(inherited)",
				);
				GCC_WARN_64_TO_32_BIT_CONVERSION = YES;
				GCC_WARN_ABOUT_RETURN_TYPE = YES_ERROR;
				GCC_WARN_UNDECLARED_SELECTOR = YES;
				GCC_WARN_UNINITIALIZED_AUTOS = YES_AGGRESSIVE;
				GCC_WARN_UNUSED_FUNCTION = YES;
				GCC_WARN_UNUSED_VARIABLE = YES;
				IPHONEOS_DEPLOYMENT_TARGET = 11.0;
				MTL_ENABLE_DEBUG_INFO = YES;
				ONLY_ACTIVE_ARCH = YES;
				SDKROOT = iphoneos;
				SWIFT_ACTIVE_COMPILATION_CONDITIONS = DEBUG;
				SWIFT_OPTIMIZATION_LEVEL = "-Onone";
			};
			name = Debug;
		};
		A66788D01F8C63B600B1AB9E /* Release */ = {
			isa = XCBuildConfiguration;
			buildSettings = {
				ALWAYS_SEARCH_USER_PATHS = NO;
				CLANG_ANALYZER_NONNULL = YES;
				CLANG_ANALYZER_NUMBER_OBJECT_CONVERSION = YES_AGGRESSIVE;
				CLANG_CXX_LANGUAGE_STANDARD = "gnu++14";
				CLANG_CXX_LIBRARY = "libc++";
				CLANG_ENABLE_MODULES = YES;
				CLANG_ENABLE_OBJC_ARC = YES;
				CLANG_WARN_BLOCK_CAPTURE_AUTORELEASING = YES;
				CLANG_WARN_BOOL_CONVERSION = YES;
				CLANG_WARN_COMMA = YES;
				CLANG_WARN_CONSTANT_CONVERSION = YES;
				CLANG_WARN_DIRECT_OBJC_ISA_USAGE = YES_ERROR;
				CLANG_WARN_DOCUMENTATION_COMMENTS = YES;
				CLANG_WARN_EMPTY_BODY = YES;
				CLANG_WARN_ENUM_CONVERSION = YES;
				CLANG_WARN_INFINITE_RECURSION = YES;
				CLANG_WARN_INT_CONVERSION = YES;
				CLANG_WARN_NON_LITERAL_NULL_CONVERSION = YES;
				CLANG_WARN_OBJC_LITERAL_CONVERSION = YES;
				CLANG_WARN_OBJC_ROOT_CLASS = YES_ERROR;
				CLANG_WARN_RANGE_LOOP_ANALYSIS = YES;
				CLANG_WARN_STRICT_PROTOTYPES = YES;
				CLANG_WARN_SUSPICIOUS_MOVE = YES;
				CLANG_WARN_UNGUARDED_AVAILABILITY = YES_AGGRESSIVE;
				CLANG_WARN_UNREACHABLE_CODE = YES;
				CLANG_WARN__DUPLICATE_METHOD_MATCH = YES;
				CODE_SIGN_IDENTITY = "iPhone Developer";
				COPY_PHASE_STRIP = NO;
				DEBUG_INFORMATION_FORMAT = "dwarf-with-dsym";
				ENABLE_NS_ASSERTIONS = NO;
				ENABLE_STRICT_OBJC_MSGSEND = YES;
				GCC_C_LANGUAGE_STANDARD = gnu11;
				GCC_NO_COMMON_BLOCKS = YES;
				GCC_WARN_64_TO_32_BIT_CONVERSION = YES;
				GCC_WARN_ABOUT_RETURN_TYPE = YES_ERROR;
				GCC_WARN_UNDECLARED_SELECTOR = YES;
				GCC_WARN_UNINITIALIZED_AUTOS = YES_AGGRESSIVE;
				GCC_WARN_UNUSED_FUNCTION = YES;
				GCC_WARN_UNUSED_VARIABLE = YES;
				IPHONEOS_DEPLOYMENT_TARGET = 11.0;
				MTL_ENABLE_DEBUG_INFO = NO;
				SDKROOT = iphoneos;
				SWIFT_OPTIMIZATION_LEVEL = "-Owholemodule";
				VALIDATE_PRODUCT = YES;
			};
			name = Release;
		};
		A66788D21F8C63B600B1AB9E /* Debug */ = {
			isa = XCBuildConfiguration;
			buildSettings = {
				ASSETCATALOG_COMPILER_APPICON_NAME = AppIcon;
				CODE_SIGN_STYLE = Automatic;
				DEVELOPMENT_TEAM = 77M64ZZJGP;
				INFOPLIST_FILE = MineSweeper/Info.plist;
				LD_RUNPATH_SEARCH_PATHS = "$(inherited) @executable_path/Frameworks";
				PRODUCT_BUNDLE_IDENTIFIER = com.FlyKite.MineSweeper;
				PRODUCT_NAME = "$(TARGET_NAME)";
				SWIFT_VERSION = 4.0;
				TARGETED_DEVICE_FAMILY = "1,2";
			};
			name = Debug;
		};
		A66788D31F8C63B600B1AB9E /* Release */ = {
			isa = XCBuildConfiguration;
			buildSettings = {
				ASSETCATALOG_COMPILER_APPICON_NAME = AppIcon;
				CODE_SIGN_STYLE = Automatic;
				DEVELOPMENT_TEAM = 77M64ZZJGP;
				INFOPLIST_FILE = MineSweeper/Info.plist;
				LD_RUNPATH_SEARCH_PATHS = "$(inherited) @executable_path/Frameworks";
				PRODUCT_BUNDLE_IDENTIFIER = com.FlyKite.MineSweeper;
				PRODUCT_NAME = "$(TARGET_NAME)";
				SWIFT_VERSION = 4.0;
				TARGETED_DEVICE_FAMILY = "1,2";
			};
			name = Release;
		};
/* End XCBuildConfiguration section */

/* Begin XCConfigurationList section */
		A66788BA1F8C63B600B1AB9E /* Build configuration list for PBXProject "MineSweeper" */ = {
			isa = XCConfigurationList;
			buildConfigurations = (
				A66788CF1F8C63B600B1AB9E /* Debug */,
				A66788D01F8C63B600B1AB9E /* Release */,
			);
			defaultConfigurationIsVisible = 0;
			defaultConfigurationName = Release;
		};
		A66788D11F8C63B600B1AB9E /* Build configuration list for PBXNativeTarget "MineSweeper" */ = {
			isa = XCConfigurationList;
			buildConfigurations = (
				A66788D21F8C63B600B1AB9E /* Debug */,
				A66788D31F8C63B600B1AB9E /* Release */,
			);
			defaultConfigurationIsVisible = 0;
			defaultConfigurationName = Release;
		};
/* End XCConfigurationList section */
	};
	rootObject = A66788B71F8C63B600B1AB9E /* Project object */;
}
